
Microsoft Visual Studio Solution File, Format Version 12.00
# Visual Studio Version 17
VisualStudioVersion = 17.3.32922.545
MinimumVisualStudioVersion = 10.0.40219.1
Project("{FAE04EC0-301F-11D3-BF4B-00C04F79EFBC}") = "Assessment2", "Assessment2\Assessment2.csproj", "{C410622E-2C9B-4E55-A505-6AEE2E987E41}"
EndProject
Global
	GlobalSection(SolutionConfigurationPlatforms) = preSolution
		Debug|Any CPU = Debug|Any CPU
		Release|Any CPU = Release|Any CPU
	EndGlobalSection
	GlobalSection(ProjectConfigurationPlatforms) = postSolution
		{C410622E-2C9B-4E55-A505-6AEE2E987E41}.Debug|Any CPU.ActiveCfg = Debug|Any CPU
		{C410622E-2C9B-4E55-A505-6AEE2E987E41}.Debug|Any CPU.Build.0 = Debug|Any CPU
		{C410622E-2C9B-4E55-A505-6AEE2E987E41}.Release|Any CPU.ActiveCfg = Release|Any CPU
		{C410622E-2C9B-4E55-A505-6AEE2E987E41}.Release|Any CPU.Build.0 = Release|Any CPU
	EndGlobalSection
	GlobalSection(SolutionProperties) = preSolution
		HideSolutionNode = FALSE
	EndGlobalSection
	GlobalSection(ExtensibilityGlobals) = postSolution
		SolutionGuid = {0778099F-9B0F-4F79-98A2-885DAED65AEC}
	EndGlobalSection
EndGlobal
